
Microsoft Visual Studio Solution File, Format Version 12.00
# Visual Studio Version 17
VisualStudioVersion = 17.5.33414.496
MinimumVisualStudioVersion = 10.0.40219.1
Project("{FAE04EC0-301F-11D3-BF4B-00C04F79EFBC}") = "BlazorIdentityTutoriaL.Server", "Server\BlazorIdentityTutoriaL.Server.csproj", "{EBABE596-A2F4-4465-B75D-1A860B3FC94F}"
EndProject
Project("{FAE04EC0-301F-11D3-BF4B-00C04F79EFBC}") = "BlazorIdentityTutoriaL.Client", "Client\BlazorIdentityTutoriaL.Client.csproj", "{D29BBE49-F6BB-4844-BE32-9176048F2081}"
EndProject
Project("{FAE04EC0-301F-11D3-BF4B-00C04F79EFBC}") = "BlazorIdentityTutoriaL.Shared", "Shared\BlazorIdentityTutoriaL.Shared.csproj", "{3B3E71C0-C29C-4ECB-8E09-25CFE61BA48E}"
EndProject
Global
	GlobalSection(SolutionConfigurationPlatforms) = preSolution
		Debug|Any CPU = Debug|Any CPU
		Release|Any CPU = Release|Any CPU
	EndGlobalSection
	GlobalSection(ProjectConfigurationPlatforms) = postSolution
		{EBABE596-A2F4-4465-B75D-1A860B3FC94F}.Debug|Any CPU.ActiveCfg = Debug|Any CPU
		{EBABE596-A2F4-4465-B75D-1A860B3FC94F}.Debug|Any CPU.Build.0 = Debug|Any CPU
		{EBABE596-A2F4-4465-B75D-1A860B3FC94F}.Release|Any CPU.ActiveCfg = Release|Any CPU
		{EBABE596-A2F4-4465-B75D-1A860B3FC94F}.Release|Any CPU.Build.0 = Release|Any CPU
		{D29BBE49-F6BB-4844-BE32-9176048F2081}.Debug|Any CPU.ActiveCfg = Debug|Any CPU
		{D29BBE49-F6BB-4844-BE32-9176048F2081}.Debug|Any CPU.Build.0 = Debug|Any CPU
		{D29BBE49-F6BB-4844-BE32-9176048F2081}.Release|Any CPU.ActiveCfg = Release|Any CPU
		{D29BBE49-F6BB-4844-BE32-9176048F2081}.Release|Any CPU.Build.0 = Release|Any CPU
		{3B3E71C0-C29C-4ECB-8E09-25CFE61BA48E}.Debug|Any CPU.ActiveCfg = Debug|Any CPU
		{3B3E71C0-C29C-4ECB-8E09-25CFE61BA48E}.Debug|Any CPU.Build.0 = Debug|Any CPU
		{3B3E71C0-C29C-4ECB-8E09-25CFE61BA48E}.Release|Any CPU.ActiveCfg = Release|Any CPU
		{3B3E71C0-C29C-4ECB-8E09-25CFE61BA48E}.Release|Any CPU.Build.0 = Release|Any CPU
	EndGlobalSection
	GlobalSection(SolutionProperties) = preSolution
		HideSolutionNode = FALSE
	EndGlobalSection
	GlobalSection(ExtensibilityGlobals) = postSolution
		SolutionGuid = {09BE5261-EE73-42CD-81AF-9E8F491C166D}
	EndGlobalSection
EndGlobal
